<?xml version="1.0" encoding="utf-8"?>
<Project ToolsVersion="4.0" xmlns="http://schemas.microsoft.com/developer/msbuild/2003">
  <ItemGroup>
    <Filter Include="Source Files">
      <UniqueIdentifier>{4FC737F1-C7A5-4376-A066-2A32D752A2FF}</UniqueIdentifier>
      <Extensions>cpp;c;cc;cxx;def;odl;idl;hpj;bat;asm;asmx</Extensions>
    </Filter>
    <Filter Include="Header Files">
      <UniqueIdentifier>{93995380-89BD-4b04-88EB-625FBE52EBFB}</UniqueIdentifier>
      <Extensions>h;hh;hpp;hxx;hm;inl;inc;ipp;xsd</Extensions>
    </Filter>
    <Filter Include="Resource Files">
      <UniqueIdentifier>{67DA6AB6-F800-4c08-8B7A-83BB121AAD01}</UniqueIdentifier>
      <Extensions>rc;ico;cur;bmp;dlg;rc2;rct;bin;rgs;gif;jpg;jpeg;jpe;resx;tiff;tif;png;wav;mfcribbon-ms</Extensions>
    </Filter>
    <Filter Include="sequential">
      <UniqueIdentifier>{ed167a4a-a3ce-4939-946b-50921e7a347d}</UniqueIdentifier>
    </Filter>
    <Filter Include="sequential\Header Files">
      <UniqueIdentifier>{b43c8bf9-2d15-40c1-b37b-e298f398b705}</UniqueIdentifier>
    </Filter>
    <Filter Include="sequential\Source Files">
      <UniqueIdentifier>{b3659af5-4912-48aa-add9-bd45e72c6e8f}</UniqueIdentifier>
    </Filter>
  </ItemGroup>
  <ItemGroup>
    <ClCompile Include="MyCapture.cpp">
      <Filter>Source Files</Filter>
    </ClCompile>
    <ClCompile Include="LoadDll.cpp">
      <Filter>Source Files</Filter>
    </ClCompile>
    <ClCompile Include="CompressDll.cpp">
      <Filter>Source Files</Filter>
    </ClCompile>
    <ClCompile Include="ReadDiskDrive.cpp">
      <Filter>Source Files</Filter>
    </ClCompile>
    <ClCompile Include="ComputeHash.cpp">
      <Filter>Source Files</Filter>
    </ClCompile>
    <ClCompile Include="Crypt.cpp">
      <Filter>Source Files</Filter>
    </ClCompile>
    <ClCompile Include="CompressManager.cpp">
      <Filter>Source Files</Filter>
    </ClCompile>
    <ClCompile Include="Job.cpp">
      <Filter>Source Files</Filter>
    </ClCompile>
    <ClCompile Include="WritePayload.cpp">
      <Filter>Source Files</Filter>
    </ClCompile>
    <ClCompile Include="sequential\Job.cpp">
      <Filter>sequential\Source Files</Filter>
    </ClCompile>
    <ClCompile Include="sequential\ReadDiskDrive.cpp">
      <Filter>sequential\Source Files</Filter>
    </ClCompile>
    <ClCompile Include="sequential\CompressManager.cpp">
      <Filter>sequential\Source Files</Filter>
    </ClCompile>
    <ClCompile Include="sequential\ComputeHash.cpp">
      <Filter>sequential\Source Files</Filter>
    </ClCompile>
    <ClCompile Include="sequential\WritePayload.cpp">
      <Filter>sequential\Source Files</Filter>
    </ClCompile>
  </ItemGroup>
  <ItemGroup>
    <ClInclude Include="Consts.h">
      <Filter>Header Files</Filter>
    </ClInclude>
    <ClInclude Include="LoadDll.h">
      <Filter>Header Files</Filter>
    </ClInclude>
    <ClInclude Include="CompressDll.h">
      <Filter>Header Files</Filter>
    </ClInclude>
    <ClInclude Include="ThreadParam.h">
      <Filter>Header Files</Filter>
    </ClInclude>
    <ClInclude Include="WorkThreads.h">
      <Filter>Header Files</Filter>
    </ClInclude>
    <ClInclude Include="StateQueue.h">
      <Filter>Header Files</Filter>
    </ClInclude>
    <ClInclude Include="Monitor.h">
      <Filter>Header Files</Filter>
    </ClInclude>
    <ClInclude Include="ReadDiskDrive.h">
      <Filter>Header Files</Filter>
    </ClInclude>
    <ClInclude Include="MonitorQueue.h">
      <Filter>Header Files</Filter>
    </ClInclude>
    <ClInclude Include="ComputeHash.h">
      <Filter>Header Files</Filter>
    </ClInclude>
    <ClInclude Include="Crypt.h">
      <Filter>Header Files</Filter>
    </ClInclude>
    <ClInclude Include="CompressManager.h">
      <Filter>Header Files</Filter>
    </ClInclude>
    <ClInclude Include="Implement.h">
      <Filter>Header Files</Filter>
    </ClInclude>
    <ClInclude Include="DiskConsts.h">
      <Filter>Header Files</Filter>
    </ClInclude>
    <ClInclude Include="Job.h">
      <Filter>Header Files</Filter>
    </ClInclude>
    <ClInclude Include="WritePayload.h">
      <Filter>Header Files</Filter>
    </ClInclude>
    <ClInclude Include="StateVector.h">
      <Filter>Header Files</Filter>
    </ClInclude>
    <ClInclude Include="MonitorModuloVector.h">
      <Filter>Header Files</Filter>
    </ClInclude>
    <ClInclude Include="sequential\Job.h">
      <Filter>sequential\Header Files</Filter>
    </ClInclude>
    <ClInclude Include="sequential\DiskConsts.h">
      <Filter>sequential\Header Files</Filter>
    </ClInclude>
    <ClInclude Include="sequential\Implement.h">
      <Filter>sequential\Header Files</Filter>
    </ClInclude>
    <ClInclude Include="sequential\ReadDiskDrive.h">
      <Filter>sequential\Header Files</Filter>
    </ClInclude>
    <ClInclude Include="sequential\CompressManager.h">
      <Filter>sequential\Header Files</Filter>
    </ClInclude>
    <ClInclude Include="sequential\ComputeHash.h">
      <Filter>sequential\Header Files</Filter>
    </ClInclude>
    <ClInclude Include="sequential\WritePayload.h">
      <Filter>sequential\Header Files</Filter>
    </ClInclude>
  </ItemGroup>
  <ItemGroup>
    <None Include="packages.config" />
  </ItemGroup>
</Project>